
Microsoft Visual Studio Solution File, Format Version 12.00
# Visual Studio Version 16
VisualStudioVersion = 16.0.34114.132
MinimumVisualStudioVersion = 10.0.40219.1
Project("{F184B08F-C81C-45F6-A57F-5ABD9991F28F}") = "gestion hopital", "gestion hopital.vbproj", "{58335888-F491-4F01-814E-8A99A4B556D3}"
EndProject
Global
	GlobalSection(SolutionConfigurationPlatforms) = preSolution
		Debug|Any CPU = Debug|Any CPU
		Release|Any CPU = Release|Any CPU
	EndGlobalSection
	GlobalSection(ProjectConfigurationPlatforms) = postSolution
		{58335888-F491-4F01-814E-8A99A4B556D3}.Debug|Any CPU.ActiveCfg = Debug|Any CPU
		{58335888-F491-4F01-814E-8A99A4B556D3}.Debug|Any CPU.Build.0 = Debug|Any CPU
		{58335888-F491-4F01-814E-8A99A4B556D3}.Release|Any CPU.ActiveCfg = Release|Any CPU
		{58335888-F491-4F01-814E-8A99A4B556D3}.Release|Any CPU.Build.0 = Release|Any CPU
	EndGlobalSection
	GlobalSection(SolutionProperties) = preSolution
		HideSolutionNode = FALSE
	EndGlobalSection
	GlobalSection(ExtensibilityGlobals) = postSolution
		SolutionGuid = {E4315CC9-DD1F-434A-8E48-8369A8E11876}
	EndGlobalSection
EndGlobal
